Microsoft Visual Studio Solution File, Format Version 12.00
# Visual Studio 14
Project("{8BC9CEB8-8B4A-11D0-8D11-00A0C91BC942}") = "ALL_BUILD", "ALL_BUILD.vcxproj", "{7D3952EE-425E-3045-BD66-B741F3289070}"
	ProjectSection(ProjectDependencies) = postProject
		{7376F472-ACFF-3B3F-90FC-47C2CC926E5A} = {7376F472-ACFF-3B3F-90FC-47C2CC926E5A}
		{B282C806-1DE2-3F49-A22D-A429E6DFC370} = {B282C806-1DE2-3F49-A22D-A429E6DFC370}
		{7C988F89-5C33-3AE5-A349-58880EE0E756} = {7C988F89-5C33-3AE5-A349-58880EE0E756}
		{4C1A6F6D-D0DE-3356-9006-57ED800D12CE} = {4C1A6F6D-D0DE-3356-9006-57ED800D12CE}
		{B3C4184E-6672-33EF-B285-3C5D3DAAF7F4} = {B3C4184E-6672-33EF-B285-3C5D3DAAF7F4}
		{698C6C94-72B1-35C3-AE4B-10A7B4D47795} = {698C6C94-72B1-35C3-AE4B-10A7B4D47795}
		{2B7D4FAE-C418-377B-988A-FCD0965EE316} = {2B7D4FAE-C418-377B-988A-FCD0965EE316}
		{B26E448F-1071-300C-93E7-1CE89D0DC621} = {B26E448F-1071-300C-93E7-1CE89D0DC621}
	EndProjectSection
EndProject
Project("{8BC9CEB8-8B4A-11D0-8D11-00A0C91BC942}") = "RUN_TESTS", "RUN_TESTS.vcxproj", "{CA75A58F-AFE1-37AF-BDD2-CB1C095ECBF2}"
	ProjectSection(ProjectDependencies) = postProject
		{7376F472-ACFF-3B3F-90FC-47C2CC926E5A} = {7376F472-ACFF-3B3F-90FC-47C2CC926E5A}
	EndProjectSection
EndProject
Project("{8BC9CEB8-8B4A-11D0-8D11-00A0C91BC942}") = "ZERO_CHECK", "ZERO_CHECK.vcxproj", "{7376F472-ACFF-3B3F-90FC-47C2CC926E5A}"
	ProjectSection(ProjectDependencies) = postProject
	EndProjectSection
EndProject
Project("{8BC9CEB8-8B4A-11D0-8D11-00A0C91BC942}") = "app_complex-number", "modules\complex-number\application\app_complex-number.vcxproj", "{B282C806-1DE2-3F49-A22D-A429E6DFC370}"
	ProjectSection(ProjectDependencies) = postProject
		{7376F472-ACFF-3B3F-90FC-47C2CC926E5A} = {7376F472-ACFF-3B3F-90FC-47C2CC926E5A}
		{4C1A6F6D-D0DE-3356-9006-57ED800D12CE} = {4C1A6F6D-D0DE-3356-9006-57ED800D12CE}
		{B3C4184E-6672-33EF-B285-3C5D3DAAF7F4} = {B3C4184E-6672-33EF-B285-3C5D3DAAF7F4}
	EndProjectSection
EndProject
Project("{8BC9CEB8-8B4A-11D0-8D11-00A0C91BC942}") = "app_fraction", "modules\fraction\application\app_fraction.vcxproj", "{7C988F89-5C33-3AE5-A349-58880EE0E756}"
	ProjectSection(ProjectDependencies) = postProject
		{7376F472-ACFF-3B3F-90FC-47C2CC926E5A} = {7376F472-ACFF-3B3F-90FC-47C2CC926E5A}
		{4C1A6F6D-D0DE-3356-9006-57ED800D12CE} = {4C1A6F6D-D0DE-3356-9006-57ED800D12CE}
		{698C6C94-72B1-35C3-AE4B-10A7B4D47795} = {698C6C94-72B1-35C3-AE4B-10A7B4D47795}
	EndProjectSection
EndProject
Project("{8BC9CEB8-8B4A-11D0-8D11-00A0C91BC942}") = "gtest", "3rdparty\gtest\gtest.vcxproj", "{4C1A6F6D-D0DE-3356-9006-57ED800D12CE}"
	ProjectSection(ProjectDependencies) = postProject
		{7376F472-ACFF-3B3F-90FC-47C2CC926E5A} = {7376F472-ACFF-3B3F-90FC-47C2CC926E5A}
	EndProjectSection
EndProject
Project("{8BC9CEB8-8B4A-11D0-8D11-00A0C91BC942}") = "lib_complex-number", "modules\complex-number\src\lib_complex-number.vcxproj", "{B3C4184E-6672-33EF-B285-3C5D3DAAF7F4}"
	ProjectSection(ProjectDependencies) = postProject
		{7376F472-ACFF-3B3F-90FC-47C2CC926E5A} = {7376F472-ACFF-3B3F-90FC-47C2CC926E5A}
		{4C1A6F6D-D0DE-3356-9006-57ED800D12CE} = {4C1A6F6D-D0DE-3356-9006-57ED800D12CE}
	EndProjectSection
EndProject
Project("{8BC9CEB8-8B4A-11D0-8D11-00A0C91BC942}") = "lib_fraction", "modules\fraction\src\lib_fraction.vcxproj", "{698C6C94-72B1-35C3-AE4B-10A7B4D47795}"
	ProjectSection(ProjectDependencies) = postProject
		{7376F472-ACFF-3B3F-90FC-47C2CC926E5A} = {7376F472-ACFF-3B3F-90FC-47C2CC926E5A}
		{4C1A6F6D-D0DE-3356-9006-57ED800D12CE} = {4C1A6F6D-D0DE-3356-9006-57ED800D12CE}
	EndProjectSection
EndProject
Project("{8BC9CEB8-8B4A-11D0-8D11-00A0C91BC942}") = "test_complex-number", "modules\complex-number\test\test_complex-number.vcxproj", "{2B7D4FAE-C418-377B-988A-FCD0965EE316}"
	ProjectSection(ProjectDependencies) = postProject
		{7376F472-ACFF-3B3F-90FC-47C2CC926E5A} = {7376F472-ACFF-3B3F-90FC-47C2CC926E5A}
		{4C1A6F6D-D0DE-3356-9006-57ED800D12CE} = {4C1A6F6D-D0DE-3356-9006-57ED800D12CE}
		{B3C4184E-6672-33EF-B285-3C5D3DAAF7F4} = {B3C4184E-6672-33EF-B285-3C5D3DAAF7F4}
	EndProjectSection
EndProject
Project("{8BC9CEB8-8B4A-11D0-8D11-00A0C91BC942}") = "test_fraction", "modules\fraction\test\test_fraction.vcxproj", "{B26E448F-1071-300C-93E7-1CE89D0DC621}"
	ProjectSection(ProjectDependencies) = postProject
		{7376F472-ACFF-3B3F-90FC-47C2CC926E5A} = {7376F472-ACFF-3B3F-90FC-47C2CC926E5A}
		{4C1A6F6D-D0DE-3356-9006-57ED800D12CE} = {4C1A6F6D-D0DE-3356-9006-57ED800D12CE}
		{698C6C94-72B1-35C3-AE4B-10A7B4D47795} = {698C6C94-72B1-35C3-AE4B-10A7B4D47795}
	EndProjectSection
EndProject
Global
	GlobalSection(SolutionConfigurationPlatforms) = preSolution
		Debug|Win32 = Debug|Win32
		Release|Win32 = Release|Win32
	EndGlobalSection
	GlobalSection(ProjectConfigurationPlatforms) = postSolution
		{7D3952EE-425E-3045-BD66-B741F3289070}.Debug|Win32.ActiveCfg = Debug|Win32
		{7D3952EE-425E-3045-BD66-B741F3289070}.Release|Win32.ActiveCfg = Release|Win32
		{CA75A58F-AFE1-37AF-BDD2-CB1C095ECBF2}.Debug|Win32.ActiveCfg = Debug|Win32
		{CA75A58F-AFE1-37AF-BDD2-CB1C095ECBF2}.Release|Win32.ActiveCfg = Release|Win32
		{7376F472-ACFF-3B3F-90FC-47C2CC926E5A}.Debug|Win32.ActiveCfg = Debug|Win32
		{7376F472-ACFF-3B3F-90FC-47C2CC926E5A}.Debug|Win32.Build.0 = Debug|Win32
		{7376F472-ACFF-3B3F-90FC-47C2CC926E5A}.Release|Win32.ActiveCfg = Release|Win32
		{7376F472-ACFF-3B3F-90FC-47C2CC926E5A}.Release|Win32.Build.0 = Release|Win32
		{B282C806-1DE2-3F49-A22D-A429E6DFC370}.Debug|Win32.ActiveCfg = Debug|Win32
		{B282C806-1DE2-3F49-A22D-A429E6DFC370}.Debug|Win32.Build.0 = Debug|Win32
		{B282C806-1DE2-3F49-A22D-A429E6DFC370}.Release|Win32.ActiveCfg = Release|Win32
		{B282C806-1DE2-3F49-A22D-A429E6DFC370}.Release|Win32.Build.0 = Release|Win32
		{7C988F89-5C33-3AE5-A349-58880EE0E756}.Debug|Win32.ActiveCfg = Debug|Win32
		{7C988F89-5C33-3AE5-A349-58880EE0E756}.Debug|Win32.Build.0 = Debug|Win32
		{7C988F89-5C33-3AE5-A349-58880EE0E756}.Release|Win32.ActiveCfg = Release|Win32
		{7C988F89-5C33-3AE5-A349-58880EE0E756}.Release|Win32.Build.0 = Release|Win32
		{4C1A6F6D-D0DE-3356-9006-57ED800D12CE}.Debug|Win32.ActiveCfg = Debug|Win32
		{4C1A6F6D-D0DE-3356-9006-57ED800D12CE}.Debug|Win32.Build.0 = Debug|Win32
		{4C1A6F6D-D0DE-3356-9006-57ED800D12CE}.Release|Win32.ActiveCfg = Release|Win32
		{4C1A6F6D-D0DE-3356-9006-57ED800D12CE}.Release|Win32.Build.0 = Release|Win32
		{B3C4184E-6672-33EF-B285-3C5D3DAAF7F4}.Debug|Win32.ActiveCfg = Debug|Win32
		{B3C4184E-6672-33EF-B285-3C5D3DAAF7F4}.Debug|Win32.Build.0 = Debug|Win32
		{B3C4184E-6672-33EF-B285-3C5D3DAAF7F4}.Release|Win32.ActiveCfg = Release|Win32
		{B3C4184E-6672-33EF-B285-3C5D3DAAF7F4}.Release|Win32.Build.0 = Release|Win32
		{698C6C94-72B1-35C3-AE4B-10A7B4D47795}.Debug|Win32.ActiveCfg = Debug|Win32
		{698C6C94-72B1-35C3-AE4B-10A7B4D47795}.Debug|Win32.Build.0 = Debug|Win32
		{698C6C94-72B1-35C3-AE4B-10A7B4D47795}.Release|Win32.ActiveCfg = Release|Win32
		{698C6C94-72B1-35C3-AE4B-10A7B4D47795}.Release|Win32.Build.0 = Release|Win32
		{2B7D4FAE-C418-377B-988A-FCD0965EE316}.Debug|Win32.ActiveCfg = Debug|Win32
		{2B7D4FAE-C418-377B-988A-FCD0965EE316}.Debug|Win32.Build.0 = Debug|Win32
		{2B7D4FAE-C418-377B-988A-FCD0965EE316}.Release|Win32.ActiveCfg = Release|Win32
		{2B7D4FAE-C418-377B-988A-FCD0965EE316}.Release|Win32.Build.0 = Release|Win32
		{B26E448F-1071-300C-93E7-1CE89D0DC621}.Debug|Win32.ActiveCfg = Debug|Win32
		{B26E448F-1071-300C-93E7-1CE89D0DC621}.Debug|Win32.Build.0 = Debug|Win32
		{B26E448F-1071-300C-93E7-1CE89D0DC621}.Release|Win32.ActiveCfg = Release|Win32
		{B26E448F-1071-300C-93E7-1CE89D0DC621}.Release|Win32.Build.0 = Release|Win32
	EndGlobalSection
	GlobalSection(ExtensibilityGlobals) = postSolution
	EndGlobalSection
	GlobalSection(ExtensibilityAddIns) = postSolution
	EndGlobalSection
EndGlobal
